
Microsoft Visual Studio Solution File, Format Version 12.00
# Visual Studio Version 17
VisualStudioVersion = 17.3.32929.385
MinimumVisualStudioVersion = 10.0.40219.1
Project("{9A19103F-16F7-4668-BE54-9A1E7A4F7556}") = "MyLittleDic", "MyLittleDic\MyLittleDic.csproj", "{4219BE85-D777-4F2A-863A-381393DEFFBA}"
EndProject
Global
	GlobalSection(SolutionConfigurationPlatforms) = preSolution
		Debug|Any CPU = Debug|Any CPU
		Release|Any CPU = Release|Any CPU
	EndGlobalSection
	GlobalSection(ProjectConfigurationPlatforms) = postSolution
		{4219BE85-D777-4F2A-863A-381393DEFFBA}.Debug|Any CPU.ActiveCfg = Debug|Any CPU
		{4219BE85-D777-4F2A-863A-381393DEFFBA}.Debug|Any CPU.Build.0 = Debug|Any CPU
		{4219BE85-D777-4F2A-863A-381393DEFFBA}.Release|Any CPU.ActiveCfg = Release|Any CPU
		{4219BE85-D777-4F2A-863A-381393DEFFBA}.Release|Any CPU.Build.0 = Release|Any CPU
	EndGlobalSection
	GlobalSection(SolutionProperties) = preSolution
		HideSolutionNode = FALSE
	EndGlobalSection
	GlobalSection(ExtensibilityGlobals) = postSolution
		SolutionGuid = {5347C894-031B-48A1-9C79-4750B252941C}
	EndGlobalSection
EndGlobal
